PODS:
  - Differentiator (5.0.0)
  - Kingfisher (8.3.2)
  - RxBlocking (6.9.0):
    - RxSwift (= 6.9.0)
  - RxCocoa (6.9.0):
    - RxRelay (= 6.9.0)
    - RxSwift (= 6.9.0)
  - RxDataSources (5.0.0):
    - Differentiator (~> 5.0)
    - RxCocoa (~> 6.0)
    - RxSwift (~> 6.0)
  - RxGesture (4.0.4):
    - RxCocoa (~> 6.0)
    - RxSwift (~> 6.0)
  - RxRelay (6.9.0):
    - RxSwift (= 6.9.0)
  - RxSwift (6.9.0)
  - RxTest (6.9.0):
    - RxSwift (= 6.9.0)
  - RxViewController (2.0.0):
    - RxCocoa (~> 6.0)
    - RxSwift (~> 6.0)

DEPENDENCIES:
  - Kingfisher (~> 8.0)
  - RxBlocking (= 6.9.0)
  - RxCocoa (= 6.9.0)
  - RxDataSources
  - RxGesture
  - RxSwift (= 6.9.0)
  - RxTest (= 6.9.0)
  - RxViewController

SPEC REPOS:
  trunk:
    - Differentiator
    - Kingfisher
    - RxBlocking
    - RxCocoa
    - RxDataSources
    - RxGesture
    - RxRelay
    - RxSwift
    - RxTest
    - RxViewController

SPEC CHECKSUMS:
  Differentiator: e8497ceab83c1b10ca233716d547b9af21b9344d
  Kingfisher: 0621d0ac0c78fecb19f6dc5303bde2b52abaf2f5
  RxBlocking: 5d2b26d019b6ba9eb3f58638611f124609c44822
  RxCocoa: ac16414696ae706516be3e1ab00fcce5bdc9be8a
  RxDataSources: aa47cc1ed6c500fa0dfecac5c979b723542d79cf
  RxGesture: f3efb47ed2d26a8082f7b660d4a59970e275a7f8
  RxRelay: 6b0c930e5cef57d5fe2032571e5e65b78e3cbdb1
  RxSwift: 31649ace6aceeb422e16ff71c60804f9c3281ed9
  RxTest: fa7749822359a10a19b9fa32b80dbe608e4ce44e
  RxViewController: 56486fa0afd629a1d6b5ba077f3b8cd9dc31b5d2

PODFILE CHECKSUM: d46caa45c663debdf8d84b4a85f629b3878ba33c

COCOAPODS: 1.16.2
