// !$*UTF8*$!
{
	archiveVersion = 1;
	classes = {
	};
	objectVersion = 77;
	objects = {

/* Begin PBXBuildFile section */
		94078EAE8105F843B5A62383 /* Pods_UserListAppTests.framework in Frameworks */ = {isa = PBXBuildFile; fileRef = E87C4948BB35340652051C07 /* Pods_UserListAppTests.framework */; };
		DB74A94B56CFD30E49393F2B /* Pods_UserListApp_UserListAppUITests.framework in Frameworks */ = {isa = PBXBuildFile; fileRef = A9F113B2E16DE167A22D0ACA /* Pods_UserListApp_UserListAppUITests.framework */; };
		E508A90316E405ABDAC64207 /* Pods_UserListApp.framework in Frameworks */ = {isa = PBXBuildFile; fileRef = 8BA521B08B7285F73B30F7B4 /* Pods_UserListApp.framework */; };
/* End PBXBuildFile section */

/* Begin PBXContainerItemProxy section */
		EFE8770B2DE8868C00D3166E /* PBXContainerItemProxy */ = {
			isa = PBXContainerItemProxy;
			containerPortal = EFE876EC2DE8868B00D3166E /* Project object */;
			proxyType = 1;
			remoteGlobalIDString = EFE876F32DE8868B00D3166E;
			remoteInfo = UserListApp;
		};
		EFE877152DE8868C00D3166E /* PBXContainerItemProxy */ = {
			isa = PBXContainerItemProxy;
			containerPortal = EFE876EC2DE8868B00D3166E /* Project object */;
			proxyType = 1;
			remoteGlobalIDString = EFE876F32DE8868B00D3166E;
			remoteInfo = UserListApp;
		};
/* End PBXContainerItemProxy section */

/* Begin PBXFileReference section */
		119F68939DC9B3EFDB872AEF /* Pods-UserListApp-UserListAppUITests.release.xcconfig */ = {isa = PBXFileReference; includeInIndex = 1; lastKnownFileType = text.xcconfig; name = "Pods-UserListApp-UserListAppUITests.release.xcconfig"; path = "Target Support Files/Pods-UserListApp-UserListAppUITests/Pods-UserListApp-UserListAppUITests.release.xcconfig"; sourceTree = "<group>"; };
		242DF7BCF1F0030A7C3F4BFF /* Pods-UserListApp.debug.xcconfig */ = {isa = PBXFileReference; includeInIndex = 1; lastKnownFileType = text.xcconfig; name = "Pods-UserListApp.debug.xcconfig"; path = "Target Support Files/Pods-UserListApp/Pods-UserListApp.debug.xcconfig"; sourceTree = "<group>"; };
		421D87AC17F14DC283581FB2 /* Pods-UserListAppTests.debug.xcconfig */ = {isa = PBXFileReference; includeInIndex = 1; lastKnownFileType = text.xcconfig; name = "Pods-UserListAppTests.debug.xcconfig"; path = "Target Support Files/Pods-UserListAppTests/Pods-UserListAppTests.debug.xcconfig"; sourceTree = "<group>"; };
		8BA521B08B7285F73B30F7B4 /* Pods_UserListApp.framework */ = {isa = PBXFileReference; explicitFileType = wrapper.framework; includeInIndex = 0; path = Pods_UserListApp.framework; sourceTree = BUILT_PRODUCTS_DIR; };
		A12163772E677D324A521DEB /* Pods-UserListAppTests.release.xcconfig */ = {isa = PBXFileReference; includeInIndex = 1; lastKnownFileType = text.xcconfig; name = "Pods-UserListAppTests.release.xcconfig"; path = "Target Support Files/Pods-UserListAppTests/Pods-UserListAppTests.release.xcconfig"; sourceTree = "<group>"; };
		A9F113B2E16DE167A22D0ACA /* Pods_UserListApp_UserListAppUITests.framework */ = {isa = PBXFileReference; explicitFileType = wrapper.framework; includeInIndex = 0; path = Pods_UserListApp_UserListAppUITests.framework; sourceTree = BUILT_PRODUCTS_DIR; };
		D2E1332AB201D44A3EE39E32 /* Pods-UserListApp-UserListAppUITests.debug.xcconfig */ = {isa = PBXFileReference; includeInIndex = 1; lastKnownFileType = text.xcconfig; name = "Pods-UserListApp-UserListAppUITests.debug.xcconfig"; path = "Target Support Files/Pods-UserListApp-UserListAppUITests/Pods-UserListApp-UserListAppUITests.debug.xcconfig"; sourceTree = "<group>"; };
		E87C4948BB35340652051C07 /* Pods_UserListAppTests.framework */ = {isa = PBXFileReference; explicitFileType = wrapper.framework; includeInIndex = 0; path = Pods_UserListAppTests.framework; sourceTree = BUILT_PRODUCTS_DIR; };
		EFE876F42DE8868B00D3166E /* UserListApp.app */ = {isa = PBXFileReference; explicitFileType = wrapper.application; includeInIndex = 0; path = UserListApp.app; sourceTree = BUILT_PRODUCTS_DIR; };
		EFE8770A2DE8868C00D3166E /* UserListAppTests.xctest */ = {isa = PBXFileReference; explicitFileType = wrapper.cfbundle; includeInIndex = 0; path = UserListAppTests.xctest; sourceTree = BUILT_PRODUCTS_DIR; };
		EFE877142DE8868C00D3166E /* UserListAppUITests.xctest */ = {isa = PBXFileReference; explicitFileType = wrapper.cfbundle; includeInIndex = 0; path = UserListAppUITests.xctest; sourceTree = BUILT_PRODUCTS_DIR; };
		F562F820106BDFD7E58912EC /* Pods-UserListApp.release.xcconfig */ = {isa = PBXFileReference; includeInIndex = 1; lastKnownFileType = text.xcconfig; name = "Pods-UserListApp.release.xcconfig"; path = "Target Support Files/Pods-UserListApp/Pods-UserListApp.release.xcconfig"; sourceTree = "<group>"; };
/* End PBXFileReference section */

/* Begin PBXFileSystemSynchronizedBuildFileExceptionSet section */
		EFE8771C2DE8868C00D3166E /* Exceptions for "UserListApp" folder in "UserListApp" target */ = {
			isa = PBXFileSystemSynchronizedBuildFileExceptionSet;
			membershipExceptions = (
				Info.plist,
			);
			target = EFE876F32DE8868B00D3166E /* UserListApp */;
		};
/* End PBXFileSystemSynchronizedBuildFileExceptionSet section */

/* Begin PBXFileSystemSynchronizedRootGroup section */
		EFE876F62DE8868B00D3166E /* UserListApp */ = {
			isa = PBXFileSystemSynchronizedRootGroup;
			exceptions = (
				EFE8771C2DE8868C00D3166E /* Exceptions for "UserListApp" folder in "UserListApp" target */,
			);
			path = UserListApp;
			sourceTree = "<group>";
		};
		EFE8770D2DE8868C00D3166E /* UserListAppTests */ = {
			isa = PBXFileSystemSynchronizedRootGroup;
			path = UserListAppTests;
			sourceTree = "<group>";
		};
		EFE877172DE8868C00D3166E /* UserListAppUITests */ = {
			isa = PBXFileSystemSynchronizedRootGroup;
			path = UserListAppUITests;
			sourceTree = "<group>";
		};
/* End PBXFileSystemSynchronizedRootGroup section */

/* Begin PBXFrameworksBuildPhase section */
		EFE876F12DE8868B00D3166E /* Frameworks */ = {
			isa = PBXFrameworksBuildPhase;
			buildActionMask = 2147483647;
			files = (
				E508A90316E405ABDAC64207 /* Pods_UserListApp.framework in Frameworks */,
			);
			runOnlyForDeploymentPostprocessing = 0;
		};
		EFE877072DE8868C00D3166E /* Frameworks */ = {
			isa = PBXFrameworksBuildPhase;
			buildActionMask = 2147483647;
			files = (
				94078EAE8105F843B5A62383 /* Pods_UserListAppTests.framework in Frameworks */,
			);
			runOnlyForDeploymentPostprocessing = 0;
		};
		EFE877112DE8868C00D3166E /* Frameworks */ = {
			isa = PBXFrameworksBuildPhase;
			buildActionMask = 2147483647;
			files = (
				DB74A94B56CFD30E49393F2B /* Pods_UserListApp_UserListAppUITests.framework in Frameworks */,
			);
			runOnlyForDeploymentPostprocessing = 0;
		};
/* End PBXFrameworksBuildPhase section */

/* Begin PBXGroup section */
		8B0DBDA38FF8E516A1F3F7C3 /* Frameworks */ = {
			isa = PBXGroup;
			children = (
				8BA521B08B7285F73B30F7B4 /* Pods_UserListApp.framework */,
				A9F113B2E16DE167A22D0ACA /* Pods_UserListApp_UserListAppUITests.framework */,
				E87C4948BB35340652051C07 /* Pods_UserListAppTests.framework */,
			);
			name = Frameworks;
			sourceTree = "<group>";
		};
		CFAD91522AF311EBE042BED3 /* Pods */ = {
			isa = PBXGroup;
			children = (
				242DF7BCF1F0030A7C3F4BFF /* Pods-UserListApp.debug.xcconfig */,
				F562F820106BDFD7E58912EC /* Pods-UserListApp.release.xcconfig */,
				D2E1332AB201D44A3EE39E32 /* Pods-UserListApp-UserListAppUITests.debug.xcconfig */,
				119F68939DC9B3EFDB872AEF /* Pods-UserListApp-UserListAppUITests.release.xcconfig */,
				421D87AC17F14DC283581FB2 /* Pods-UserListAppTests.debug.xcconfig */,
				A12163772E677D324A521DEB /* Pods-UserListAppTests.release.xcconfig */,
			);
			path = Pods;
			sourceTree = "<group>";
		};
		EFE876EB2DE8868B00D3166E = {
			isa = PBXGroup;
			children = (
				EFE876F62DE8868B00D3166E /* UserListApp */,
				EFE8770D2DE8868C00D3166E /* UserListAppTests */,
				EFE877172DE8868C00D3166E /* UserListAppUITests */,
				EFE876F52DE8868B00D3166E /* Products */,
				CFAD91522AF311EBE042BED3 /* Pods */,
				8B0DBDA38FF8E516A1F3F7C3 /* Frameworks */,
			);
			sourceTree = "<group>";
		};
		EFE876F52DE8868B00D3166E /* Products */ = {
			isa = PBXGroup;
			children = (
				EFE876F42DE8868B00D3166E /* UserListApp.app */,
				EFE8770A2DE8868C00D3166E /* UserListAppTests.xctest */,
				EFE877142DE8868C00D3166E /* UserListAppUITests.xctest */,
			);
			name = Products;
			sourceTree = "<group>";
		};
/* End PBXGroup section */

/* Begin PBXNativeTarget section */
		EFE876F32DE8868B00D3166E /* UserListApp */ = {
			isa = PBXNativeTarget;
			buildConfigurationList = EFE8771D2DE8868C00D3166E /* Build configuration list for PBXNativeTarget "UserListApp" */;
			buildPhases = (
				61EA72CB02A2EDBE40BBCFEB /* [CP] Check Pods Manifest.lock */,
				EFE876F02DE8868B00D3166E /* Sources */,
				EFE876F12DE8868B00D3166E /* Frameworks */,
				EFE876F22DE8868B00D3166E /* Resources */,
				45746F14190ED20DCFBDEF4F /* [CP] Embed Pods Frameworks */,
			);
			buildRules = (
			);
			dependencies = (
			);
			fileSystemSynchronizedGroups = (
				EFE876F62DE8868B00D3166E /* UserListApp */,
			);
			name = UserListApp;
			productName = UserListApp;
			productReference = EFE876F42DE8868B00D3166E /* UserListApp.app */;
			productType = "com.apple.product-type.application";
		};
		EFE877092DE8868C00D3166E /* UserListAppTests */ = {
			isa = PBXNativeTarget;
			buildConfigurationList = EFE877222DE8868C00D3166E /* Build configuration list for PBXNativeTarget "UserListAppTests" */;
			buildPhases = (
				DFA0E3F0019F35936E7136C6 /* [CP] Check Pods Manifest.lock */,
				EFE877062DE8868C00D3166E /* Sources */,
				EFE877072DE8868C00D3166E /* Frameworks */,
				EFE877082DE8868C00D3166E /* Resources */,
			);
			buildRules = (
			);
			dependencies = (
				EFE8770C2DE8868C00D3166E /* PBXTargetDependency */,
			);
			fileSystemSynchronizedGroups = (
				EFE8770D2DE8868C00D3166E /* UserListAppTests */,
			);
			name = UserListAppTests;
			productName = UserListAppTests;
			productReference = EFE8770A2DE8868C00D3166E /* UserListAppTests.xctest */;
			productType = "com.apple.product-type.bundle.unit-test";
		};
		EFE877132DE8868C00D3166E /* UserListAppUITests */ = {
			isa = PBXNativeTarget;
			buildConfigurationList = EFE877252DE8868C00D3166E /* Build configuration list for PBXNativeTarget "UserListAppUITests" */;
			buildPhases = (
				25351D0BEAC0B2F727C10CE5 /* [CP] Check Pods Manifest.lock */,
				EFE877102DE8868C00D3166E /* Sources */,
				EFE877112DE8868C00D3166E /* Frameworks */,
				EFE877122DE8868C00D3166E /* Resources */,
				1500EB334A6822DC7032487D /* [CP] Embed Pods Frameworks */,
			);
			buildRules = (
			);
			dependencies = (
				EFE877162DE8868C00D3166E /* PBXTargetDependency */,
			);
			fileSystemSynchronizedGroups = (
				EFE877172DE8868C00D3166E /* UserListAppUITests */,
			);
			name = UserListAppUITests;
			productName = UserListAppUITests;
			productReference = EFE877142DE8868C00D3166E /* UserListAppUITests.xctest */;
			productType = "com.apple.product-type.bundle.ui-testing";
		};
/* End PBXNativeTarget section */

/* Begin PBXProject section */
		EFE876EC2DE8868B00D3166E /* Project object */ = {
			isa = PBXProject;
			attributes = {
				BuildIndependentTargetsInParallel = 1;
				LastSwiftUpdateCheck = 1620;
				LastUpgradeCheck = 1620;
				TargetAttributes = {
					EFE876F32DE8868B00D3166E = {
						CreatedOnToolsVersion = 16.2;
					};
					EFE877092DE8868C00D3166E = {
						CreatedOnToolsVersion = 16.2;
						TestTargetID = EFE876F32DE8868B00D3166E;
					};
					EFE877132DE8868C00D3166E = {
						CreatedOnToolsVersion = 16.2;
						TestTargetID = EFE876F32DE8868B00D3166E;
					};
				};
			};
			buildConfigurationList = EFE876EF2DE8868B00D3166E /* Build configuration list for PBXProject "UserListApp" */;
			developmentRegion = en;
			hasScannedForEncodings = 0;
			knownRegions = (
				en,
				Base,
			);
			mainGroup = EFE876EB2DE8868B00D3166E;
			minimizedProjectReferenceProxies = 1;
			preferredProjectObjectVersion = 77;
			productRefGroup = EFE876F52DE8868B00D3166E /* Products */;
			projectDirPath = "";
			projectRoot = "";
			targets = (
				EFE876F32DE8868B00D3166E /* UserListApp */,
				EFE877092DE8868C00D3166E /* UserListAppTests */,
				EFE877132DE8868C00D3166E /* UserListAppUITests */,
			);
		};
/* End PBXProject section */

/* Begin PBXResourcesBuildPhase section */
		EFE876F22DE8868B00D3166E /* Resources */ = {
			isa = PBXResourcesBuildPhase;
			buildActionMask = 2147483647;
			files = (
			);
			runOnlyForDeploymentPostprocessing = 0;
		};
		EFE877082DE8868C00D3166E /* Resources */ = {
			isa = PBXResourcesBuildPhase;
			buildActionMask = 2147483647;
			files = (
			);
			runOnlyForDeploymentPostprocessing = 0;
		};
		EFE877122DE8868C00D3166E /* Resources */ = {
			isa = PBXResourcesBuildPhase;
			buildActionMask = 2147483647;
			files = (
			);
			runOnlyForDeploymentPostprocessing = 0;
		};
/* End PBXResourcesBuildPhase section */

/* Begin PBXShellScriptBuildPhase section */
		1500EB334A6822DC7032487D /* [CP] Embed Pods Frameworks */ = {
			isa = PBXShellScriptBuildPhase;
			buildActionMask = 2147483647;
			files = (
			);
			inputFileListPaths = (
				"${PODS_ROOT}/Target Support Files/Pods-UserListApp-UserListAppUITests/Pods-UserListApp-UserListAppUITests-frameworks-${CONFIGURATION}-input-files.xcfilelist",
			);
			name = "[CP] Embed Pods Frameworks";
			outputFileListPaths = (
				"${PODS_ROOT}/Target Support Files/Pods-UserListApp-UserListAppUITests/Pods-UserListApp-UserListAppUITests-frameworks-${CONFIGURATION}-output-files.xcfilelist",
			);
			runOnlyForDeploymentPostprocessing = 0;
			shellPath = /bin/sh;
			shellScript = "\"${PODS_ROOT}/Target Support Files/Pods-UserListApp-UserListAppUITests/Pods-UserListApp-UserListAppUITests-frameworks.sh\"\n";
			showEnvVarsInLog = 0;
		};
		25351D0BEAC0B2F727C10CE5 /* [CP] Check Pods Manifest.lock */ = {
			isa = PBXShellScriptBuildPhase;
			buildActionMask = 2147483647;
			files = (
			);
			inputFileListPaths = (
			);
			inputPaths = (
				"${PODS_PODFILE_DIR_PATH}/Podfile.lock",
				"${PODS_ROOT}/Manifest.lock",
			);
			name = "[CP] Check Pods Manifest.lock";
			outputFileListPaths = (
			);
			outputPaths = (
				"$(DERIVED_FILE_DIR)/Pods-UserListApp-UserListAppUITests-checkManifestLockResult.txt",
			);
			runOnlyForDeploymentPostprocessing = 0;
			shellPath = /bin/sh;
			shellScript = "diff \"${PODS_PODFILE_DIR_PATH}/Podfile.lock\" \"${PODS_ROOT}/Manifest.lock\" > /dev/null\nif [ $? != 0 ] ; then\n    # print error to STDERR\n    echo \"error: The sandbox is not in sync with the Podfile.lock. Run 'pod install' or update your CocoaPods installation.\" >&2\n    exit 1\nfi\n# This output is used by Xcode 'outputs' to avoid re-running this script phase.\necho \"SUCCESS\" > \"${SCRIPT_OUTPUT_FILE_0}\"\n";
			showEnvVarsInLog = 0;
		};
		45746F14190ED20DCFBDEF4F /* [CP] Embed Pods Frameworks */ = {
			isa = PBXShellScriptBuildPhase;
			buildActionMask = 2147483647;
			files = (
			);
			inputFileListPaths = (
				"${PODS_ROOT}/Target Support Files/Pods-UserListApp/Pods-UserListApp-frameworks-${CONFIGURATION}-input-files.xcfilelist",
			);
			name = "[CP] Embed Pods Frameworks";
			outputFileListPaths = (
				"${PODS_ROOT}/Target Support Files/Pods-UserListApp/Pods-UserListApp-frameworks-${CONFIGURATION}-output-files.xcfilelist",
			);
			runOnlyForDeploymentPostprocessing = 0;
			shellPath = /bin/sh;
			shellScript = "\"${PODS_ROOT}/Target Support Files/Pods-UserListApp/Pods-UserListApp-frameworks.sh\"\n";
			showEnvVarsInLog = 0;
		};
		61EA72CB02A2EDBE40BBCFEB /* [CP] Check Pods Manifest.lock */ = {
			isa = PBXShellScriptBuildPhase;
			buildActionMask = 2147483647;
			files = (
			);
			inputFileListPaths = (
			);
			inputPaths = (
				"${PODS_PODFILE_DIR_PATH}/Podfile.lock",
				"${PODS_ROOT}/Manifest.lock",
			);
			name = "[CP] Check Pods Manifest.lock";
			outputFileListPaths = (
			);
			outputPaths = (
				"$(DERIVED_FILE_DIR)/Pods-UserListApp-checkManifestLockResult.txt",
			);
			runOnlyForDeploymentPostprocessing = 0;
			shellPath = /bin/sh;
			shellScript = "diff \"${PODS_PODFILE_DIR_PATH}/Podfile.lock\" \"${PODS_ROOT}/Manifest.lock\" > /dev/null\nif [ $? != 0 ] ; then\n    # print error to STDERR\n    echo \"error: The sandbox is not in sync with the Podfile.lock. Run 'pod install' or update your CocoaPods installation.\" >&2\n    exit 1\nfi\n# This output is used by Xcode 'outputs' to avoid re-running this script phase.\necho \"SUCCESS\" > \"${SCRIPT_OUTPUT_FILE_0}\"\n";
			showEnvVarsInLog = 0;
		};
		DFA0E3F0019F35936E7136C6 /* [CP] Check Pods Manifest.lock */ = {
			isa = PBXShellScriptBuildPhase;
			buildActionMask = 2147483647;
			files = (
			);
			inputFileListPaths = (
			);
			inputPaths = (
				"${PODS_PODFILE_DIR_PATH}/Podfile.lock",
				"${PODS_ROOT}/Manifest.lock",
			);
			name = "[CP] Check Pods Manifest.lock";
			outputFileListPaths = (
			);
			outputPaths = (
				"$(DERIVED_FILE_DIR)/Pods-UserListAppTests-checkManifestLockResult.txt",
			);
			runOnlyForDeploymentPostprocessing = 0;
			shellPath = /bin/sh;
			shellScript = "diff \"${PODS_PODFILE_DIR_PATH}/Podfile.lock\" \"${PODS_ROOT}/Manifest.lock\" > /dev/null\nif [ $? != 0 ] ; then\n    # print error to STDERR\n    echo \"error: The sandbox is not in sync with the Podfile.lock. Run 'pod install' or update your CocoaPods installation.\" >&2\n    exit 1\nfi\n# This output is used by Xcode 'outputs' to avoid re-running this script phase.\necho \"SUCCESS\" > \"${SCRIPT_OUTPUT_FILE_0}\"\n";
			showEnvVarsInLog = 0;
		};
/* End PBXShellScriptBuildPhase section */

/* Begin PBXSourcesBuildPhase section */
		EFE876F02DE8868B00D3166E /* Sources */ = {
			isa = PBXSourcesBuildPhase;
			buildActionMask = 2147483647;
			files = (
			);
			runOnlyForDeploymentPostprocessing = 0;
		};
		EFE877062DE8868C00D3166E /* Sources */ = {
			isa = PBXSourcesBuildPhase;
			buildActionMask = 2147483647;
			files = (
			);
			runOnlyForDeploymentPostprocessing = 0;
		};
		EFE877102DE8868C00D3166E /* Sources */ = {
			isa = PBXSourcesBuildPhase;
			buildActionMask = 2147483647;
			files = (
			);
			runOnlyForDeploymentPostprocessing = 0;
		};
/* End PBXSourcesBuildPhase section */

/* Begin PBXTargetDependency section */
		EFE8770C2DE8868C00D3166E /* PBXTargetDependency */ = {
			isa = PBXTargetDependency;
			target = EFE876F32DE8868B00D3166E /* UserListApp */;
			targetProxy = EFE8770B2DE8868C00D3166E /* PBXContainerItemProxy */;
		};
		EFE877162DE8868C00D3166E /* PBXTargetDependency */ = {
			isa = PBXTargetDependency;
			target = EFE876F32DE8868B00D3166E /* UserListApp */;
			targetProxy = EFE877152DE8868C00D3166E /* PBXContainerItemProxy */;
		};
/* End PBXTargetDependency section */

/* Begin XCBuildConfiguration section */
		EFE8771E2DE8868C00D3166E /* Debug */ = {
			isa = XCBuildConfiguration;
			baseConfigurationReference = 242DF7BCF1F0030A7C3F4BFF /* Pods-UserListApp.debug.xcconfig */;
			buildSettings = {
				ASSETCATALOG_COMPILER_APPICON_NAME = AppIcon;
				ASSETCATALOG_COMPILER_GLOBAL_ACCENT_COLOR_NAME = AccentColor;
				CODE_SIGN_STYLE = Automatic;
				CURRENT_PROJECT_VERSION = 1;
				DEVELOPMENT_TEAM = 7UCMG35W8L;
				ENABLE_USER_SCRIPT_SANDBOXING = NO;
				GENERATE_INFOPLIST_FILE = YES;
				INFOPLIST_FILE = UserListApp/Info.plist;
				INFOPLIST_KEY_UIApplicationSupportsIndirectInputEvents = YES;
				INFOPLIST_KEY_UILaunchStoryboardName = LaunchScreen;
				INFOPLIST_KEY_UIMainStoryboardFile = Main;
				INFOPLIST_KEY_UISupportedInterfaceOrientations_iPad = "UIInterfaceOrientationPortrait UIInterfaceOrientationPortraitUpsideDown UIInterfaceOrientationLandscapeLeft UIInterfaceOrientationLandscapeRight";
				INFOPLIST_KEY_UISupportedInterfaceOrientations_iPhone = "UIInterfaceOrientationPortrait UIInterfaceOrientationLandscapeLeft UIInterfaceOrientationLandscapeRight";
				IPHONEOS_DEPLOYMENT_TARGET = 15;
				LD_RUNPATH_SEARCH_PATHS = (
					"$(inherited)",
					"@executable_path/Frameworks",
				);
				MARKETING_VERSION = 1.0;
				PRODUCT_BUNDLE_IDENTIFIER = com.vantientu.sumamind.demo.UserListApp;
				PRODUCT_NAME = "$(TARGET_NAME)";
				SWIFT_EMIT_LOC_STRINGS = YES;
				SWIFT_VERSION = 5.0;
				TARGETED_DEVICE_FAMILY = "1,2";
			};
			name = Debug;
		};
		EFE8771F2DE8868C00D3166E /* Release */ = {
			isa = XCBuildConfiguration;
			baseConfigurationReference = F562F820106BDFD7E58912EC /* Pods-UserListApp.release.xcconfig */;
			buildSettings = {
				ASSETCATALOG_COMPILER_APPICON_NAME = AppIcon;
				ASSETCATALOG_COMPILER_GLOBAL_ACCENT_COLOR_NAME = AccentColor;
				CODE_SIGN_STYLE = Automatic;
				CURRENT_PROJECT_VERSION = 1;
				DEVELOPMENT_TEAM = 7UCMG35W8L;
				ENABLE_USER_SCRIPT_SANDBOXING = NO;
				GENERATE_INFOPLIST_FILE = YES;
				INFOPLIST_FILE = UserListApp/Info.plist;
				INFOPLIST_KEY_UIApplicationSupportsIndirectInputEvents = YES;
				INFOPLIST_KEY_UILaunchStoryboardName = LaunchScreen;
				INFOPLIST_KEY_UIMainStoryboardFile = Main;
				INFOPLIST_KEY_UISupportedInterfaceOrientations_iPad = "UIInterfaceOrientationPortrait UIInterfaceOrientationPortraitUpsideDown UIInterfaceOrientationLandscapeLeft UIInterfaceOrientationLandscapeRight";
				INFOPLIST_KEY_UISupportedInterfaceOrientations_iPhone = "UIInterfaceOrientationPortrait UIInterfaceOrientationLandscapeLeft UIInterfaceOrientationLandscapeRight";
				IPHONEOS_DEPLOYMENT_TARGET = 15;
				LD_RUNPATH_SEARCH_PATHS = (
					"$(inherited)",
					"@executable_path/Frameworks",
				);
				MARKETING_VERSION = 1.0;
				PRODUCT_BUNDLE_IDENTIFIER = com.vantientu.sumamind.demo.UserListApp;
				PRODUCT_NAME = "$(TARGET_NAME)";
				SWIFT_EMIT_LOC_STRINGS = YES;
				SWIFT_VERSION = 5.0;
				TARGETED_DEVICE_FAMILY = "1,2";
			};
			name = Release;
		};
		EFE877202DE8868C00D3166E /* Debug */ = {
			isa = XCBuildConfiguration;
			buildSettings = {
				ALWAYS_SEARCH_USER_PATHS = NO;
				ASSETCATALOG_COMPILER_GENERATE_SWIFT_ASSET_SYMBOL_EXTENSIONS = YES;
				CLANG_ANALYZER_NONNULL = YES;
				CLANG_ANALYZER_NUMBER_OBJECT_CONVERSION = YES_AGGRESSIVE;
				CLANG_CXX_LANGUAGE_STANDARD = "gnu++20";
				CLANG_ENABLE_MODULES = YES;
				CLANG_ENABLE_OBJC_ARC = YES;
				CLANG_ENABLE_OBJC_WEAK = YES;
				CLANG_WARN_BLOCK_CAPTURE_AUTORELEASING = YES;
				CLANG_WARN_BOOL_CONVERSION = YES;
				CLANG_WARN_COMMA = YES;
				CLANG_WARN_CONSTANT_CONVERSION = YES;
				CLANG_WARN_DEPRECATED_OBJC_IMPLEMENTATIONS = YES;
				CLANG_WARN_DIRECT_OBJC_ISA_USAGE = YES_ERROR;
				CLANG_WARN_DOCUMENTATION_COMMENTS = YES;
				CLANG_WARN_EMPTY_BODY = YES;
				CLANG_WARN_ENUM_CONVERSION = YES;
				CLANG_WARN_INFINITE_RECURSION = YES;
				CLANG_WARN_INT_CONVERSION = YES;
				CLANG_WARN_NON_LITERAL_NULL_CONVERSION = YES;
				CLANG_WARN_OBJC_IMPLICIT_RETAIN_SELF = YES;
				CLANG_WARN_OBJC_LITERAL_CONVERSION = YES;
				CLANG_WARN_OBJC_ROOT_CLASS = YES_ERROR;
				CLANG_WARN_QUOTED_INCLUDE_IN_FRAMEWORK_HEADER = YES;
				CLANG_WARN_RANGE_LOOP_ANALYSIS = YES;
				CLANG_WARN_STRICT_PROTOTYPES = YES;
				CLANG_WARN_SUSPICIOUS_MOVE = YES;
				CLANG_WARN_UNGUARDED_AVAILABILITY = YES_AGGRESSIVE;
				CLANG_WARN_UNREACHABLE_CODE = YES;
				CLANG_WARN__DUPLICATE_METHOD_MATCH = YES;
				COPY_PHASE_STRIP = NO;
				DEBUG_INFORMATION_FORMAT = dwarf;
				ENABLE_STRICT_OBJC_MSGSEND = YES;
				ENABLE_TESTABILITY = YES;
				ENABLE_USER_SCRIPT_SANDBOXING = YES;
				GCC_C_LANGUAGE_STANDARD = gnu17;
				GCC_DYNAMIC_NO_PIC = NO;
				GCC_NO_COMMON_BLOCKS = YES;
				GCC_OPTIMIZATION_LEVEL = 0;
				GCC_PREPROCESSOR_DEFINITIONS = (
					"DEBUG=1",
					"$(inherited)",
				);
				GCC_WARN_64_TO_32_BIT_CONVERSION = YES;
				GCC_WARN_ABOUT_RETURN_TYPE = YES_ERROR;
				GCC_WARN_UNDECLARED_SELECTOR = YES;
				GCC_WARN_UNINITIALIZED_AUTOS = YES_AGGRESSIVE;
				GCC_WARN_UNUSED_FUNCTION = YES;
				GCC_WARN_UNUSED_VARIABLE = YES;
				IPHONEOS_DEPLOYMENT_TARGET = 18.2;
				LOCALIZATION_PREFERS_STRING_CATALOGS = YES;
				MTL_ENABLE_DEBUG_INFO = INCLUDE_SOURCE;
				MTL_FAST_MATH = YES;
				ONLY_ACTIVE_ARCH = YES;
				SDKROOT = iphoneos;
				SWIFT_ACTIVE_COMPILATION_CONDITIONS = "DEBUG $(inherited)";
				SWIFT_OPTIMIZATION_LEVEL = "-Onone";
			};
			name = Debug;
		};
		EFE877212DE8868C00D3166E /* Release */ = {
			isa = XCBuildConfiguration;
			buildSettings = {
				ALWAYS_SEARCH_USER_PATHS = NO;
				ASSETCATALOG_COMPILER_GENERATE_SWIFT_ASSET_SYMBOL_EXTENSIONS = YES;
				CLANG_ANALYZER_NONNULL = YES;
				CLANG_ANALYZER_NUMBER_OBJECT_CONVERSION = YES_AGGRESSIVE;
				CLANG_CXX_LANGUAGE_STANDARD = "gnu++20";
				CLANG_ENABLE_MODULES = YES;
				CLANG_ENABLE_OBJC_ARC = YES;
				CLANG_ENABLE_OBJC_WEAK = YES;
				CLANG_WARN_BLOCK_CAPTURE_AUTORELEASING = YES;
				CLANG_WARN_BOOL_CONVERSION = YES;
				CLANG_WARN_COMMA = YES;
				CLANG_WARN_CONSTANT_CONVERSION = YES;
				CLANG_WARN_DEPRECATED_OBJC_IMPLEMENTATIONS = YES;
				CLANG_WARN_DIRECT_OBJC_ISA_USAGE = YES_ERROR;
				CLANG_WARN_DOCUMENTATION_COMMENTS = YES;
				CLANG_WARN_EMPTY_BODY = YES;
				CLANG_WARN_ENUM_CONVERSION = YES;
				CLANG_WARN_INFINITE_RECURSION = YES;
				CLANG_WARN_INT_CONVERSION = YES;
				CLANG_WARN_NON_LITERAL_NULL_CONVERSION = YES;
				CLANG_WARN_OBJC_IMPLICIT_RETAIN_SELF = YES;
				CLANG_WARN_OBJC_LITERAL_CONVERSION = YES;
				CLANG_WARN_OBJC_ROOT_CLASS = YES_ERROR;
				CLANG_WARN_QUOTED_INCLUDE_IN_FRAMEWORK_HEADER = YES;
				CLANG_WARN_RANGE_LOOP_ANALYSIS = YES;
				CLANG_WARN_STRICT_PROTOTYPES = YES;
				CLANG_WARN_SUSPICIOUS_MOVE = YES;
				CLANG_WARN_UNGUARDED_AVAILABILITY = YES_AGGRESSIVE;
				CLANG_WARN_UNREACHABLE_CODE = YES;
				CLANG_WARN__DUPLICATE_METHOD_MATCH = YES;
				COPY_PHASE_STRIP = NO;
				DEBUG_INFORMATION_FORMAT = "dwarf-with-dsym";
				ENABLE_NS_ASSERTIONS = NO;
				ENABLE_STRICT_OBJC_MSGSEND = YES;
				ENABLE_USER_SCRIPT_SANDBOXING = YES;
				GCC_C_LANGUAGE_STANDARD = gnu17;
				GCC_NO_COMMON_BLOCKS = YES;
				GCC_WARN_64_TO_32_BIT_CONVERSION = YES;
				GCC_WARN_ABOUT_RETURN_TYPE = YES_ERROR;
				GCC_WARN_UNDECLARED_SELECTOR = YES;
				GCC_WARN_UNINITIALIZED_AUTOS = YES_AGGRESSIVE;
				GCC_WARN_UNUSED_FUNCTION = YES;
				GCC_WARN_UNUSED_VARIABLE = YES;
				IPHONEOS_DEPLOYMENT_TARGET = 18.2;
				LOCALIZATION_PREFERS_STRING_CATALOGS = YES;
				MTL_ENABLE_DEBUG_INFO = NO;
				MTL_FAST_MATH = YES;
				SDKROOT = iphoneos;
				SWIFT_COMPILATION_MODE = wholemodule;
				VALIDATE_PRODUCT = YES;
			};
			name = Release;
		};
		EFE877232DE8868C00D3166E /* Debug */ = {
			isa = XCBuildConfiguration;
			baseConfigurationReference = 421D87AC17F14DC283581FB2 /* Pods-UserListAppTests.debug.xcconfig */;
			buildSettings = {
				BUNDLE_LOADER = "$(TEST_HOST)";
				CODE_SIGN_STYLE = Automatic;
				CURRENT_PROJECT_VERSION = 1;
				DEVELOPMENT_TEAM = 7UCMG35W8L;
				GENERATE_INFOPLIST_FILE = YES;
				IPHONEOS_DEPLOYMENT_TARGET = 18.2;
				MARKETING_VERSION = 1.0;
				PRODUCT_BUNDLE_IDENTIFIER = com.vantientu.sumamind.demo.UserListAppTests;
				PRODUCT_NAME = "$(TARGET_NAME)";
				SWIFT_EMIT_LOC_STRINGS = NO;
				SWIFT_VERSION = 5.0;
				TARGETED_DEVICE_FAMILY = "1,2";
				TEST_HOST = "$(BUILT_PRODUCTS_DIR)/UserListApp.app/$(BUNDLE_EXECUTABLE_FOLDER_PATH)/UserListApp";
			};
			name = Debug;
		};
		EFE877242DE8868C00D3166E /* Release */ = {
			isa = XCBuildConfiguration;
			baseConfigurationReference = A12163772E677D324A521DEB /* Pods-UserListAppTests.release.xcconfig */;
			buildSettings = {
				BUNDLE_LOADER = "$(TEST_HOST)";
				CODE_SIGN_STYLE = Automatic;
				CURRENT_PROJECT_VERSION = 1;
				DEVELOPMENT_TEAM = 7UCMG35W8L;
				GENERATE_INFOPLIST_FILE = YES;
				IPHONEOS_DEPLOYMENT_TARGET = 18.2;
				MARKETING_VERSION = 1.0;
				PRODUCT_BUNDLE_IDENTIFIER = com.vantientu.sumamind.demo.UserListAppTests;
				PRODUCT_NAME = "$(TARGET_NAME)";
				SWIFT_EMIT_LOC_STRINGS = NO;
				SWIFT_VERSION = 5.0;
				TARGETED_DEVICE_FAMILY = "1,2";
				TEST_HOST = "$(BUILT_PRODUCTS_DIR)/UserListApp.app/$(BUNDLE_EXECUTABLE_FOLDER_PATH)/UserListApp";
			};
			name = Release;
		};
		EFE877262DE8868C00D3166E /* Debug */ = {
			isa = XCBuildConfiguration;
			baseConfigurationReference = D2E1332AB201D44A3EE39E32 /* Pods-UserListApp-UserListAppUITests.debug.xcconfig */;
			buildSettings = {
				CODE_SIGN_STYLE = Automatic;
				CURRENT_PROJECT_VERSION = 1;
				DEVELOPMENT_TEAM = 7UCMG35W8L;
				GENERATE_INFOPLIST_FILE = YES;
				MARKETING_VERSION = 1.0;
				PRODUCT_BUNDLE_IDENTIFIER = com.vantientu.sumamind.demo.UserListAppUITests;
				PRODUCT_NAME = "$(TARGET_NAME)";
				SWIFT_EMIT_LOC_STRINGS = NO;
				SWIFT_VERSION = 5.0;
				TARGETED_DEVICE_FAMILY = "1,2";
				TEST_TARGET_NAME = UserListApp;
			};
			name = Debug;
		};
		EFE877272DE8868C00D3166E /* Release */ = {
			isa = XCBuildConfiguration;
			baseConfigurationReference = 119F68939DC9B3EFDB872AEF /* Pods-UserListApp-UserListAppUITests.release.xcconfig */;
			buildSettings = {
				CODE_SIGN_STYLE = Automatic;
				CURRENT_PROJECT_VERSION = 1;
				DEVELOPMENT_TEAM = 7UCMG35W8L;
				GENERATE_INFOPLIST_FILE = YES;
				MARKETING_VERSION = 1.0;
				PRODUCT_BUNDLE_IDENTIFIER = com.vantientu.sumamind.demo.UserListAppUITests;
				PRODUCT_NAME = "$(TARGET_NAME)";
				SWIFT_EMIT_LOC_STRINGS = NO;
				SWIFT_VERSION = 5.0;
				TARGETED_DEVICE_FAMILY = "1,2";
				TEST_TARGET_NAME = UserListApp;
			};
			name = Release;
		};
/* End XCBuildConfiguration section */

/* Begin XCConfigurationList section */
		EFE876EF2DE8868B00D3166E /* Build configuration list for PBXProject "UserListApp" */ = {
			isa = XCConfigurationList;
			buildConfigurations = (
				EFE877202DE8868C00D3166E /* Debug */,
				EFE877212DE8868C00D3166E /* Release */,
			);
			defaultConfigurationIsVisible = 0;
			defaultConfigurationName = Release;
		};
		EFE8771D2DE8868C00D3166E /* Build configuration list for PBXNativeTarget "UserListApp" */ = {
			isa = XCConfigurationList;
			buildConfigurations = (
				EFE8771E2DE8868C00D3166E /* Debug */,
				EFE8771F2DE8868C00D3166E /* Release */,
			);
			defaultConfigurationIsVisible = 0;
			defaultConfigurationName = Release;
		};
		EFE877222DE8868C00D3166E /* Build configuration list for PBXNativeTarget "UserListAppTests" */ = {
			isa = XCConfigurationList;
			buildConfigurations = (
				EFE877232DE8868C00D3166E /* Debug */,
				EFE877242DE8868C00D3166E /* Release */,
			);
			defaultConfigurationIsVisible = 0;
			defaultConfigurationName = Release;
		};
		EFE877252DE8868C00D3166E /* Build configuration list for PBXNativeTarget "UserListAppUITests" */ = {
			isa = XCConfigurationList;
			buildConfigurations = (
				EFE877262DE8868C00D3166E /* Debug */,
				EFE877272DE8868C00D3166E /* Release */,
			);
			defaultConfigurationIsVisible = 0;
			defaultConfigurationName = Release;
		};
/* End XCConfigurationList section */
	};
	rootObject = EFE876EC2DE8868B00D3166E /* Project object */;
}
